// !$*UTF8*$!
{
	archiveVersion = 1;
	classes = {
	};
	objectVersion = 50;
	objects = {

/* Begin PBXBuildFile section */
		847EA84E252DB0420081D229 /* EmployeeCell.swift in Sources */ = {isa = PBXBuildFile; fileRef = 847EA84D252DB0420081D229 /* EmployeeCell.swift */; };
		849F1FAB252C9C75000EA38B /* AppDelegate.swift in Sources */ = {isa = PBXBuildFile; fileRef = 849F1FAA252C9C75000EA38B /* AppDelegate.swift */; };
		849F1FAD252C9C75000EA38B /* SceneDelegate.swift in Sources */ = {isa = PBXBuildFile; fileRef = 849F1FAC252C9C75000EA38B /* SceneDelegate.swift */; };
		849F1FAF252C9C75000EA38B /* ViewController.swift in Sources */ = {isa = PBXBuildFile; fileRef = 849F1FAE252C9C75000EA38B /* ViewController.swift */; };
		849F1FB2252C9C75000EA38B /* Main.storyboard in Resources */ = {isa = PBXBuildFile; fileRef = 849F1FB0252C9C75000EA38B /* Main.storyboard */; };
		849F1FB4252C9C78000EA38B /* Assets.xcassets in Resources */ = {isa = PBXBuildFile; fileRef = 849F1FB3252C9C78000EA38B /* Assets.xcassets */; };
		849F1FB7252C9C78000EA38B /* LaunchScreen.storyboard in Resources */ = {isa = PBXBuildFile; fileRef = 849F1FB5252C9C78000EA38B /* LaunchScreen.storyboard */; };
		849F1FC6252C9DEC000EA38B /* Empolyee.swift in Sources */ = {isa = PBXBuildFile; fileRef = 849F1FC5252C9DEC000EA38B /* Empolyee.swift */; };
		849F1FC9252C9F77000EA38B /* EmpolyeeViewModel.swift in Sources */ = {isa = PBXBuildFile; fileRef = 849F1FC8252C9F77000EA38B /* EmpolyeeViewModel.swift */; };
		849F1FCC252C9F91000EA38B /* Box.swift in Sources */ = {isa = PBXBuildFile; fileRef = 849F1FCB252C9F91000EA38B /* Box.swift */; };
/* End PBXBuildFile section */

/* Begin PBXFileReference section */
		847EA84D252DB0420081D229 /* EmployeeCell.swift */ = {isa = PBXFileReference; lastKnownFileType = sourcecode.swift; path = EmployeeCell.swift; sourceTree = "<group>"; };
		849F1FA7252C9C75000EA38B /* MVVM Test.app */ = {isa = PBXFileReference; explicitFileType = wrapper.application; includeInIndex = 0; path = "MVVM Test.app"; sourceTree = BUILT_PRODUCTS_DIR; };
		849F1FAA252C9C75000EA38B /* AppDelegate.swift */ = {isa = PBXFileReference; lastKnownFileType = sourcecode.swift; path = AppDelegate.swift; sourceTree = "<group>"; };
		849F1FAC252C9C75000EA38B /* SceneDelegate.swift */ = {isa = PBXFileReference; lastKnownFileType = sourcecode.swift; path = SceneDelegate.swift; sourceTree = "<group>"; };
		849F1FAE252C9C75000EA38B /* ViewController.swift */ = {isa = PBXFileReference; lastKnownFileType = sourcecode.swift; path = ViewController.swift; sourceTree = "<group>"; };
		849F1FB1252C9C75000EA38B /* Base */ = {isa = PBXFileReference; lastKnownFileType = file.storyboard; name = Base; path = Base.lproj/Main.storyboard; sourceTree = "<group>"; };
		849F1FB3252C9C78000EA38B /* Assets.xcassets */ = {isa = PBXFileReference; lastKnownFileType = folder.assetcatalog; path = Assets.xcassets; sourceTree = "<group>"; };
		849F1FB6252C9C78000EA38B /* Base */ = {isa = PBXFileReference; lastKnownFileType = file.storyboard; name = Base; path = Base.lproj/LaunchScreen.storyboard; sourceTree = "<group>"; };
		849F1FB8252C9C78000EA38B /* Info.plist */ = {isa = PBXFileReference; lastKnownFileType = text.plist.xml; path = Info.plist; sourceTree = "<group>"; };
		849F1FC5252C9DEC000EA38B /* Empolyee.swift */ = {isa = PBXFileReference; lastKnownFileType = sourcecode.swift; path = Empolyee.swift; sourceTree = "<group>"; };
		849F1FC8252C9F77000EA38B /* EmpolyeeViewModel.swift */ = {isa = PBXFileReference; lastKnownFileType = sourcecode.swift; path = EmpolyeeViewModel.swift; sourceTree = "<group>"; };
		849F1FCB252C9F91000EA38B /* Box.swift */ = {isa = PBXFileReference; lastKnownFileType = sourcecode.swift; path = Box.swift; sourceTree = "<group>"; };
/* End PBXFileReference section */

/* Begin PBXFrameworksBuildPhase section */
		849F1FA4252C9C75000EA38B /* Frameworks */ = {
			isa = PBXFrameworksBuildPhase;
			buildActionMask = 2147483647;
			files = (
			);
			runOnlyForDeploymentPostprocessing = 0;
		};
/* End PBXFrameworksBuildPhase section */

/* Begin PBXGroup section */
		847EA84C252DB01A0081D229 /* Cell */ = {
			isa = PBXGroup;
			children = (
				847EA84D252DB0420081D229 /* EmployeeCell.swift */,
			);
			path = Cell;
			sourceTree = "<group>";
		};
		847EA854252DD0720081D229 /* Helper */ = {
			isa = PBXGroup;
			children = (
				849F1FCB252C9F91000EA38B /* Box.swift */,
			);
			path = Helper;
			sourceTree = "<group>";
		};
		849F1F9E252C9C75000EA38B = {
			isa = PBXGroup;
			children = (
				849F1FA9252C9C75000EA38B /* MVVM Test */,
				849F1FA8252C9C75000EA38B /* Products */,
			);
			sourceTree = "<group>";
		};
		849F1FA8252C9C75000EA38B /* Products */ = {
			isa = PBXGroup;
			children = (
				849F1FA7252C9C75000EA38B /* MVVM Test.app */,
			);
			name = Products;
			sourceTree = "<group>";
		};
		849F1FA9252C9C75000EA38B /* MVVM Test */ = {
			isa = PBXGroup;
			children = (
				847EA854252DD0720081D229 /* Helper */,
				847EA84C252DB01A0081D229 /* Cell */,
				849F1FC3252C9DBD000EA38B /* Model */,
				849F1FC2252C9DB5000EA38B /* View Model */,
				849F1FC1252C9DA3000EA38B /* View Controller */,
				849F1FAA252C9C75000EA38B /* AppDelegate.swift */,
				849F1FAC252C9C75000EA38B /* SceneDelegate.swift */,
				849F1FB0252C9C75000EA38B /* Main.storyboard */,
				849F1FB3252C9C78000EA38B /* Assets.xcassets */,
				849F1FB5252C9C78000EA38B /* LaunchScreen.storyboard */,
				849F1FB8252C9C78000EA38B /* Info.plist */,
			);
			path = "MVVM Test";
			sourceTree = "<group>";
		};
		849F1FC1252C9DA3000EA38B /* View Controller */ = {
			isa = PBXGroup;
			children = (
				849F1FAE252C9C75000EA38B /* ViewController.swift */,
			);
			path = "View Controller";
			sourceTree = "<group>";
		};
		849F1FC2252C9DB5000EA38B /* View Model */ = {
			isa = PBXGroup;
			children = (
				849F1FC8252C9F77000EA38B /* EmpolyeeViewModel.swift */,
			);
			path = "View Model";
			sourceTree = "<group>";
		};
		849F1FC3252C9DBD000EA38B /* Model */ = {
			isa = PBXGroup;
			children = (
				849F1FC5252C9DEC000EA38B /* Empolyee.swift */,
			);
			path = Model;
			sourceTree = "<group>";
		};
/* End PBXGroup section */

/* Begin PBXNativeTarget section */
		849F1FA6252C9C75000EA38B /* MVVM Test */ = {
			isa = PBXNativeTarget;
			buildConfigurationList = 849F1FBB252C9C78000EA38B /* Build configuration list for PBXNativeTarget "MVVM Test" */;
			buildPhases = (
				849F1FA3252C9C75000EA38B /* Sources */,
				849F1FA4252C9C75000EA38B /* Frameworks */,
				849F1FA5252C9C75000EA38B /* Resources */,
			);
			buildRules = (
			);
			dependencies = (
			);
			name = "MVVM Test";
			productName = "MVVM Test";
			productReference = 849F1FA7252C9C75000EA38B /* MVVM Test.app */;
			productType = "com.apple.product-type.application";
		};
/* End PBXNativeTarget section */

/* Begin PBXProject section */
		849F1F9F252C9C75000EA38B /* Project object */ = {
			isa = PBXProject;
			attributes = {
				LastSwiftUpdateCheck = 1200;
				LastUpgradeCheck = 1200;
				TargetAttributes = {
					849F1FA6252C9C75000EA38B = {
						CreatedOnToolsVersion = 12.0;
					};
				};
			};
			buildConfigurationList = 849F1FA2252C9C75000EA38B /* Build configuration list for PBXProject "MVVM Test" */;
			compatibilityVersion = "Xcode 9.3";
			developmentRegion = en;
			hasScannedForEncodings = 0;
			knownRegions = (
				en,
				Base,
			);
			mainGroup = 849F1F9E252C9C75000EA38B;
			productRefGroup = 849F1FA8252C9C75000EA38B /* Products */;
			projectDirPath = "";
			projectRoot = "";
			targets = (
				849F1FA6252C9C75000EA38B /* MVVM Test */,
			);
		};
/* End PBXProject section */

/* Begin PBXResourcesBuildPhase section */
		849F1FA5252C9C75000EA38B /* Resources */ = {
			isa = PBXResourcesBuildPhase;
			buildActionMask = 2147483647;
			files = (
				849F1FB7252C9C78000EA38B /* LaunchScreen.storyboard in Resources */,
				849F1FB4252C9C78000EA38B /* Assets.xcassets in Resources */,
				849F1FB2252C9C75000EA38B /* Main.storyboard in Resources */,
			);
			runOnlyForDeploymentPostprocessing = 0;
		};
/* End PBXResourcesBuildPhase section */

/* Begin PBXSourcesBuildPhase section */
		849F1FA3252C9C75000EA38B /* Sources */ = {
			isa = PBXSourcesBuildPhase;
			buildActionMask = 2147483647;
			files = (
				849F1FC9252C9F77000EA38B /* EmpolyeeViewModel.swift in Sources */,
				849F1FAF252C9C75000EA38B /* ViewController.swift in Sources */,
				847EA84E252DB0420081D229 /* EmployeeCell.swift in Sources */,
				849F1FC6252C9DEC000EA38B /* Empolyee.swift in Sources */,
				849F1FCC252C9F91000EA38B /* Box.swift in Sources */,
				849F1FAB252C9C75000EA38B /* AppDelegate.swift in Sources */,
				849F1FAD252C9C75000EA38B /* SceneDelegate.swift in Sources */,
			);
			runOnlyForDeploymentPostprocessing = 0;
		};
/* End PBXSourcesBuildPhase section */

/* Begin PBXVariantGroup section */
		849F1FB0252C9C75000EA38B /* Main.storyboard */ = {
			isa = PBXVariantGroup;
			children = (
				849F1FB1252C9C75000EA38B /* Base */,
			);
			name = Main.storyboard;
			sourceTree = "<group>";
		};
		849F1FB5252C9C78000EA38B /* LaunchScreen.storyboard */ = {
			isa = PBXVariantGroup;
			children = (
				849F1FB6252C9C78000EA38B /* Base */,
			);
			name = LaunchScreen.storyboard;
			sourceTree = "<group>";
		};
/* End PBXVariantGroup section */

/* Begin XCBuildConfiguration section */
		849F1FB9252C9C78000EA38B /* Debug */ = {
			isa = XCBuildConfiguration;
			buildSettings = {
				ALWAYS_SEARCH_USER_PATHS = NO;
				CLANG_ANALYZER_NONNULL = YES;
				CLANG_ANALYZER_NUMBER_OBJECT_CONVERSION = YES_AGGRESSIVE;
				CLANG_CXX_LANGUAGE_STANDARD = "gnu++14";
				CLANG_CXX_LIBRARY = "libc++";
				CLANG_ENABLE_MODULES = YES;
				CLANG_ENABLE_OBJC_ARC = YES;
				CLANG_ENABLE_OBJC_WEAK = YES;
				CLANG_WARN_BLOCK_CAPTURE_AUTORELEASING = YES;
				CLANG_WARN_BOOL_CONVERSION = YES;
				CLANG_WARN_COMMA = YES;
				CLANG_WARN_CONSTANT_CONVERSION = YES;
				CLANG_WARN_DEPRECATED_OBJC_IMPLEMENTATIONS = YES;
				CLANG_WARN_DIRECT_OBJC_ISA_USAGE = YES_ERROR;
				CLANG_WARN_DOCUMENTATION_COMMENTS = YES;
				CLANG_WARN_EMPTY_BODY = YES;
				CLANG_WARN_ENUM_CONVERSION = YES;
				CLANG_WARN_INFINITE_RECURSION = YES;
				CLANG_WARN_INT_CONVERSION = YES;
				CLANG_WARN_NON_LITERAL_NULL_CONVERSION = YES;
				CLANG_WARN_OBJC_IMPLICIT_RETAIN_SELF = YES;
				CLANG_WARN_OBJC_LITERAL_CONVERSION = YES;
				CLANG_WARN_OBJC_ROOT_CLASS = YES_ERROR;
				CLANG_WARN_QUOTED_INCLUDE_IN_FRAMEWORK_HEADER = YES;
				CLANG_WARN_RANGE_LOOP_ANALYSIS = YES;
				CLANG_WARN_STRICT_PROTOTYPES = YES;
				CLANG_WARN_SUSPICIOUS_MOVE = YES;
				CLANG_WARN_UNGUARDED_AVAILABILITY = YES_AGGRESSIVE;
				CLANG_WARN_UNREACHABLE_CODE = YES;
				CLANG_WARN__DUPLICATE_METHOD_MATCH = YES;
				COPY_PHASE_STRIP = NO;
				DEBUG_INFORMATION_FORMAT = dwarf;
				ENABLE_STRICT_OBJC_MSGSEND = YES;
				ENABLE_TESTABILITY = YES;
				GCC_C_LANGUAGE_STANDARD = gnu11;
				GCC_DYNAMIC_NO_PIC = NO;
				GCC_NO_COMMON_BLOCKS = YES;
				GCC_OPTIMIZATION_LEVEL = 0;
				GCC_PREPROCESSOR_DEFINITIONS = (
					"DEBUG=1",
					"$(inherited)",
				);
				GCC_WARN_64_TO_32_BIT_CONVERSION = YES;
				GCC_WARN_ABOUT_RETURN_TYPE = YES_ERROR;
				GCC_WARN_UNDECLARED_SELECTOR = YES;
				GCC_WARN_UNINITIALIZED_AUTOS = YES_AGGRESSIVE;
				GCC_WARN_UNUSED_FUNCTION = YES;
				GCC_WARN_UNUSED_VARIABLE = YES;
				IPHONEOS_DEPLOYMENT_TARGET = 14.0;
				MTL_ENABLE_DEBUG_INFO = INCLUDE_SOURCE;
				MTL_FAST_MATH = YES;
				ONLY_ACTIVE_ARCH = YES;
				SDKROOT = iphoneos;
				SWIFT_ACTIVE_COMPILATION_CONDITIONS = DEBUG;
				SWIFT_OPTIMIZATION_LEVEL = "-Onone";
			};
			name = Debug;
		};
		849F1FBA252C9C78000EA38B /* Release */ = {
			isa = XCBuildConfiguration;
			buildSettings = {
				ALWAYS_SEARCH_USER_PATHS = NO;
				CLANG_ANALYZER_NONNULL = YES;
				CLANG_ANALYZER_NUMBER_OBJECT_CONVERSION = YES_AGGRESSIVE;
				CLANG_CXX_LANGUAGE_STANDARD = "gnu++14";
				CLANG_CXX_LIBRARY = "libc++";
				CLANG_ENABLE_MODULES = YES;
				CLANG_ENABLE_OBJC_ARC = YES;
				CLANG_ENABLE_OBJC_WEAK = YES;
				CLANG_WARN_BLOCK_CAPTURE_AUTORELEASING = YES;
				CLANG_WARN_BOOL_CONVERSION = YES;
				CLANG_WARN_COMMA = YES;
				CLANG_WARN_CONSTANT_CONVERSION = YES;
				CLANG_WARN_DEPRECATED_OBJC_IMPLEMENTATIONS = YES;
				CLANG_WARN_DIRECT_OBJC_ISA_USAGE = YES_ERROR;
				CLANG_WARN_DOCUMENTATION_COMMENTS = YES;
				CLANG_WARN_EMPTY_BODY = YES;
				CLANG_WARN_ENUM_CONVERSION = YES;
				CLANG_WARN_INFINITE_RECURSION = YES;
				CLANG_WARN_INT_CONVERSION = YES;
				CLANG_WARN_NON_LITERAL_NULL_CONVERSION = YES;
				CLANG_WARN_OBJC_IMPLICIT_RETAIN_SELF = YES;
				CLANG_WARN_OBJC_LITERAL_CONVERSION = YES;
				CLANG_WARN_OBJC_ROOT_CLASS = YES_ERROR;
				CLANG_WARN_QUOTED_INCLUDE_IN_FRAMEWORK_HEADER = YES;
				CLANG_WARN_RANGE_LOOP_ANALYSIS = YES;
				CLANG_WARN_STRICT_PROTOTYPES = YES;
				CLANG_WARN_SUSPICIOUS_MOVE = YES;
				CLANG_WARN_UNGUARDED_AVAILABILITY = YES_AGGRESSIVE;
				CLANG_WARN_UNREACHABLE_CODE = YES;
				CLANG_WARN__DUPLICATE_METHOD_MATCH = YES;
				COPY_PHASE_STRIP = NO;
				DEBUG_INFORMATION_FORMAT = "dwarf-with-dsym";
				ENABLE_NS_ASSERTIONS = NO;
				ENABLE_STRICT_OBJC_MSGSEND = YES;
				GCC_C_LANGUAGE_STANDARD = gnu11;
				GCC_NO_COMMON_BLOCKS = YES;
				GCC_WARN_64_TO_32_BIT_CONVERSION = YES;
				GCC_WARN_ABOUT_RETURN_TYPE = YES_ERROR;
				GCC_WARN_UNDECLARED_SELECTOR = YES;
				GCC_WARN_UNINITIALIZED_AUTOS = YES_AGGRESSIVE;
				GCC_WARN_UNUSED_FUNCTION = YES;
				GCC_WARN_UNUSED_VARIABLE = YES;
				IPHONEOS_DEPLOYMENT_TARGET = 14.0;
				MTL_ENABLE_DEBUG_INFO = NO;
				MTL_FAST_MATH = YES;
				SDKROOT = iphoneos;
				SWIFT_COMPILATION_MODE = wholemodule;
				SWIFT_OPTIMIZATION_LEVEL = "-O";
				VALIDATE_PRODUCT = YES;
			};
			name = Release;
		};
		849F1FBC252C9C78000EA38B /* Debug */ = {
			isa = XCBuildConfiguration;
			buildSettings = {
				ASSETCATALOG_COMPILER_APPICON_NAME = AppIcon;
				ASSETCATALOG_COMPILER_GLOBAL_ACCENT_COLOR_NAME = AccentColor;
				CODE_SIGN_STYLE = Automatic;
				DEVELOPMENT_TEAM = 6RDRZ62R84;
				INFOPLIST_FILE = "MVVM Test/Info.plist";
				IPHONEOS_DEPLOYMENT_TARGET = 13.0;
				LD_RUNPATH_SEARCH_PATHS = (
					"$(inherited)",
					"@executable_path/Frameworks",
				);
				PRODUCT_BUNDLE_IDENTIFIER = "com.arhamsoft.MVVM-Test";
				PRODUCT_NAME = "$(TARGET_NAME)";
				SWIFT_VERSION = 5.0;
				TARGETED_DEVICE_FAMILY = "1,2";
			};
			name = Debug;
		};
		849F1FBD252C9C78000EA38B /* Release */ = {
			isa = XCBuildConfiguration;
			buildSettings = {
				ASSETCATALOG_COMPILER_APPICON_NAME = AppIcon;
				ASSETCATALOG_COMPILER_GLOBAL_ACCENT_COLOR_NAME = AccentColor;
				CODE_SIGN_STYLE = Automatic;
				DEVELOPMENT_TEAM = 6RDRZ62R84;
				INFOPLIST_FILE = "MVVM Test/Info.plist";
				IPHONEOS_DEPLOYMENT_TARGET = 13.0;
				LD_RUNPATH_SEARCH_PATHS = (
					"$(inherited)",
					"@executable_path/Frameworks",
				);
				PRODUCT_BUNDLE_IDENTIFIER = "com.arhamsoft.MVVM-Test";
				PRODUCT_NAME = "$(TARGET_NAME)";
				SWIFT_VERSION = 5.0;
				TARGETED_DEVICE_FAMILY = "1,2";
			};
			name = Release;
		};
/* End XCBuildConfiguration section */

/* Begin XCConfigurationList section */
		849F1FA2252C9C75000EA38B /* Build configuration list for PBXProject "MVVM Test" */ = {
			isa = XCConfigurationList;
			buildConfigurations = (
				849F1FB9252C9C78000EA38B /* Debug */,
				849F1FBA252C9C78000EA38B /* Release */,
			);
			defaultConfigurationIsVisible = 0;
			defaultConfigurationName = Release;
		};
		849F1FBB252C9C78000EA38B /* Build configuration list for PBXNativeTarget "MVVM Test" */ = {
			isa = XCConfigurationList;
			buildConfigurations = (
				849F1FBC252C9C78000EA38B /* Debug */,
				849F1FBD252C9C78000EA38B /* Release */,
			);
			defaultConfigurationIsVisible = 0;
			defaultConfigurationName = Release;
		};
/* End XCConfigurationList section */
	};
	rootObject = 849F1F9F252C9C75000EA38B /* Project object */;
}
